
Microsoft Visual Studio Solution File, Format Version 12.00
# Visual Studio Version 17
VisualStudioVersion = 17.8.34330.188
MinimumVisualStudioVersion = 10.0.40219.1
Project("{9A19103F-16F7-4668-BE54-9A1E7A4F7556}") = "WebApp.RazorPages", "WebApp.RazorPages\WebApp.RazorPages.csproj", "{58BD9066-7628-4237-A450-78CD46624BF8}"
EndProject
Global
	GlobalSection(SolutionConfigurationPlatforms) = preSolution
		Debug|Any CPU = Debug|Any CPU
		Release|Any CPU = Release|Any CPU
	EndGlobalSection
	GlobalSection(ProjectConfigurationPlatforms) = postSolution
		{58BD9066-7628-4237-A450-78CD46624BF8}.Debug|Any CPU.ActiveCfg = Debug|Any CPU
		{58BD9066-7628-4237-A450-78CD46624BF8}.Debug|Any CPU.Build.0 = Debug|Any CPU
		{58BD9066-7628-4237-A450-78CD46624BF8}.Release|Any CPU.ActiveCfg = Release|Any CPU
		{58BD9066-7628-4237-A450-78CD46624BF8}.Release|Any CPU.Build.0 = Release|Any CPU
	EndGlobalSection
	GlobalSection(SolutionProperties) = preSolution
		HideSolutionNode = FALSE
	EndGlobalSection
	GlobalSection(ExtensibilityGlobals) = postSolution
		SolutionGuid = {3C7CF962-D128-4743-AF96-0F1B7A09E4B9}
	EndGlobalSection
EndGlobal
